
Microsoft Visual Studio Solution File, Format Version 12.00
# Visual Studio Version 16
VisualStudioVersion = 16.0.28803.156
MinimumVisualStudioVersion = 10.0.40219.1
Project("{9A19103F-16F7-4668-BE54-9A1E7A4F7556}") = "OpenTraumaRegistry.Data", "Data\OpenTraumaRegistry.Data.csproj", "{80F258CA-B79B-4B10-95DA-F8C5EBD1B8EE}"
EndProject
Project("{2150E333-8FDC-42A3-9474-1A3956D46DE8}") = "Solution Items", "Solution Items", "{2A4A352A-16D3-439F-A97B-6A6C5D18A3C6}"
	ProjectSection(SolutionItems) = preProject
		Notes.txt = Notes.txt
	EndProjectSection
EndProject
Project("{9A19103F-16F7-4668-BE54-9A1E7A4F7556}") = "OpenTraumaRegistry.Api", "TraumaRegistry.Api\OpenTraumaRegistry.Api.csproj", "{6593C437-CFD7-49A4-AD22-42E8B024FA63}"
EndProject
Project("{9A19103F-16F7-4668-BE54-9A1E7A4F7556}") = "OpenTraumaRegistry.Client", "TraumaRegistry.Client\OpenTraumaRegistry.Client.csproj", "{635A3509-DBB4-412F-A3C4-F16A76498CA6}"
EndProject
Project("{9A19103F-16F7-4668-BE54-9A1E7A4F7556}") = "OpenTraumaRegistry.UI.MD", "TraumaRegistry.UI.MD\OpenTraumaRegistry.UI.MD.csproj", "{517FC5B5-865D-480C-8D9D-323281636E72}"
EndProject
Project("{9A19103F-16F7-4668-BE54-9A1E7A4F7556}") = "OpenTraumaRegistry.Shared", "OpenTraumaRegistry.Shared\OpenTraumaRegistry.Shared.csproj", "{7A0FC76D-6D29-4FB3-83AE-549D80F000DB}"
EndProject
Global
	GlobalSection(SolutionConfigurationPlatforms) = preSolution
		Debug|Any CPU = Debug|Any CPU
		Release|Any CPU = Release|Any CPU
	EndGlobalSection
	GlobalSection(ProjectConfigurationPlatforms) = postSolution
		{80F258CA-B79B-4B10-95DA-F8C5EBD1B8EE}.Debug|Any CPU.ActiveCfg = Debug|Any CPU
		{80F258CA-B79B-4B10-95DA-F8C5EBD1B8EE}.Debug|Any CPU.Build.0 = Debug|Any CPU
		{80F258CA-B79B-4B10-95DA-F8C5EBD1B8EE}.Release|Any CPU.ActiveCfg = Release|Any CPU
		{80F258CA-B79B-4B10-95DA-F8C5EBD1B8EE}.Release|Any CPU.Build.0 = Release|Any CPU
		{6593C437-CFD7-49A4-AD22-42E8B024FA63}.Debug|Any CPU.ActiveCfg = Debug|Any CPU
		{6593C437-CFD7-49A4-AD22-42E8B024FA63}.Debug|Any CPU.Build.0 = Debug|Any CPU
		{6593C437-CFD7-49A4-AD22-42E8B024FA63}.Release|Any CPU.ActiveCfg = Release|Any CPU
		{6593C437-CFD7-49A4-AD22-42E8B024FA63}.Release|Any CPU.Build.0 = Release|Any CPU
		{635A3509-DBB4-412F-A3C4-F16A76498CA6}.Debug|Any CPU.ActiveCfg = Debug|Any CPU
		{635A3509-DBB4-412F-A3C4-F16A76498CA6}.Debug|Any CPU.Build.0 = Debug|Any CPU
		{635A3509-DBB4-412F-A3C4-F16A76498CA6}.Release|Any CPU.ActiveCfg = Release|Any CPU
		{635A3509-DBB4-412F-A3C4-F16A76498CA6}.Release|Any CPU.Build.0 = Release|Any CPU
		{517FC5B5-865D-480C-8D9D-323281636E72}.Debug|Any CPU.ActiveCfg = Debug|Any CPU
		{517FC5B5-865D-480C-8D9D-323281636E72}.Debug|Any CPU.Build.0 = Debug|Any CPU
		{517FC5B5-865D-480C-8D9D-323281636E72}.Release|Any CPU.ActiveCfg = Release|Any CPU
		{517FC5B5-865D-480C-8D9D-323281636E72}.Release|Any CPU.Build.0 = Release|Any CPU
		{7A0FC76D-6D29-4FB3-83AE-549D80F000DB}.Debug|Any CPU.ActiveCfg = Debug|Any CPU
		{7A0FC76D-6D29-4FB3-83AE-549D80F000DB}.Debug|Any CPU.Build.0 = Debug|Any CPU
		{7A0FC76D-6D29-4FB3-83AE-549D80F000DB}.Release|Any CPU.ActiveCfg = Release|Any CPU
		{7A0FC76D-6D29-4FB3-83AE-549D80F000DB}.Release|Any CPU.Build.0 = Release|Any CPU
	EndGlobalSection
	GlobalSection(SolutionProperties) = preSolution
		HideSolutionNode = FALSE
	EndGlobalSection
	GlobalSection(ExtensibilityGlobals) = postSolution
		SolutionGuid = {9CA63A50-1F59-4864-A97E-44BCE3E6AB87}
	EndGlobalSection
EndGlobal
